// !$*UTF8*$!
{
	archiveVersion = 1;
	classes = {
	};
	objectVersion = 50;
	objects = {

/* Begin PBXBuildFile section */
		7DA12F7021B6DF6B00B3D23C /* Starship.swift in Sources */ = {isa = PBXBuildFile; fileRef = 7DA12F6F21B6DF6B00B3D23C /* Starship.swift */; };
		7DA12F7421B72B0F00B3D23C /* Film.swift in Sources */ = {isa = PBXBuildFile; fileRef = 7DA12F7321B72B0F00B3D23C /* Film.swift */; };
		7DB4676B21ADDFE4003BDA18 /* Homeworld.swift in Sources */ = {isa = PBXBuildFile; fileRef = 7DB4676A21ADDFE4003BDA18 /* Homeworld.swift */; };
		7DB467A721AF19AF003BDA18 /* Species.swift in Sources */ = {isa = PBXBuildFile; fileRef = 7DB467A621AF19AF003BDA18 /* Species.swift */; };
		7DD646B92188DC270021E886 /* Person.swift in Sources */ = {isa = PBXBuildFile; fileRef = 7DD646B82188DC270021E886 /* Person.swift */; };
		7DFDB2CD21874B5D00B108D2 /* AppDelegate.swift in Sources */ = {isa = PBXBuildFile; fileRef = 7DFDB2CC21874B5D00B108D2 /* AppDelegate.swift */; };
		7DFDB2D221874B5D00B108D2 /* Main.storyboard in Resources */ = {isa = PBXBuildFile; fileRef = 7DFDB2D021874B5D00B108D2 /* Main.storyboard */; };
		7DFDB2D421874B5F00B108D2 /* Assets.xcassets in Resources */ = {isa = PBXBuildFile; fileRef = 7DFDB2D321874B5F00B108D2 /* Assets.xcassets */; };
		7DFDB2D721874B5F00B108D2 /* LaunchScreen.storyboard in Resources */ = {isa = PBXBuildFile; fileRef = 7DFDB2D521874B5F00B108D2 /* LaunchScreen.storyboard */; };
		7DFDB2E221874B5F00B108D2 /* StarWarsTests.swift in Sources */ = {isa = PBXBuildFile; fileRef = 7DFDB2E121874B5F00B108D2 /* StarWarsTests.swift */; };
		7DFDB2ED21874B5F00B108D2 /* StarWarsUITests.swift in Sources */ = {isa = PBXBuildFile; fileRef = 7DFDB2EC21874B5F00B108D2 /* StarWarsUITests.swift */; };
		7DFDB2FB21874E4000B108D2 /* MainViewTableViewController.swift in Sources */ = {isa = PBXBuildFile; fileRef = 7DFDB2FA21874E4000B108D2 /* MainViewTableViewController.swift */; };
		7DFDB304218898EB00B108D2 /* CharacterDetailViewController.swift in Sources */ = {isa = PBXBuildFile; fileRef = 7DFDB303218898EB00B108D2 /* CharacterDetailViewController.swift */; };
/* End PBXBuildFile section */

/* Begin PBXContainerItemProxy section */
		7DFDB2DE21874B5F00B108D2 /* PBXContainerItemProxy */ = {
			isa = PBXContainerItemProxy;
			containerPortal = 7DFDB2C121874B5D00B108D2 /* Project object */;
			proxyType = 1;
			remoteGlobalIDString = 7DFDB2C821874B5D00B108D2;
			remoteInfo = StarWars;
		};
		7DFDB2E921874B5F00B108D2 /* PBXContainerItemProxy */ = {
			isa = PBXContainerItemProxy;
			containerPortal = 7DFDB2C121874B5D00B108D2 /* Project object */;
			proxyType = 1;
			remoteGlobalIDString = 7DFDB2C821874B5D00B108D2;
			remoteInfo = StarWars;
		};
/* End PBXContainerItemProxy section */

/* Begin PBXFileReference section */
		7DA12F6F21B6DF6B00B3D23C /* Starship.swift */ = {isa = PBXFileReference; lastKnownFileType = sourcecode.swift; path = Starship.swift; sourceTree = "<group>"; };
		7DA12F7321B72B0F00B3D23C /* Film.swift */ = {isa = PBXFileReference; lastKnownFileType = sourcecode.swift; path = Film.swift; sourceTree = "<group>"; };
		7DB4676A21ADDFE4003BDA18 /* Homeworld.swift */ = {isa = PBXFileReference; lastKnownFileType = sourcecode.swift; path = Homeworld.swift; sourceTree = "<group>"; };
		7DB467A621AF19AF003BDA18 /* Species.swift */ = {isa = PBXFileReference; lastKnownFileType = sourcecode.swift; path = Species.swift; sourceTree = "<group>"; };
		7DD646B82188DC270021E886 /* Person.swift */ = {isa = PBXFileReference; lastKnownFileType = sourcecode.swift; path = Person.swift; sourceTree = "<group>"; };
		7DFDB2C921874B5D00B108D2 /* StarWars.app */ = {isa = PBXFileReference; explicitFileType = wrapper.application; includeInIndex = 0; path = StarWars.app; sourceTree = BUILT_PRODUCTS_DIR; };
		7DFDB2CC21874B5D00B108D2 /* AppDelegate.swift */ = {isa = PBXFileReference; lastKnownFileType = sourcecode.swift; path = AppDelegate.swift; sourceTree = "<group>"; };
		7DFDB2D121874B5D00B108D2 /* Base */ = {isa = PBXFileReference; lastKnownFileType = file.storyboard; name = Base; path = Base.lproj/Main.storyboard; sourceTree = "<group>"; };
		7DFDB2D321874B5F00B108D2 /* Assets.xcassets */ = {isa = PBXFileReference; lastKnownFileType = folder.assetcatalog; path = Assets.xcassets; sourceTree = "<group>"; };
		7DFDB2D621874B5F00B108D2 /* Base */ = {isa = PBXFileReference; lastKnownFileType = file.storyboard; name = Base; path = Base.lproj/LaunchScreen.storyboard; sourceTree = "<group>"; };
		7DFDB2D821874B5F00B108D2 /* Info.plist */ = {isa = PBXFileReference; lastKnownFileType = text.plist.xml; path = Info.plist; sourceTree = "<group>"; };
		7DFDB2DD21874B5F00B108D2 /* StarWarsTests.xctest */ = {isa = PBXFileReference; explicitFileType = wrapper.cfbundle; includeInIndex = 0; path = StarWarsTests.xctest; sourceTree = BUILT_PRODUCTS_DIR; };
		7DFDB2E121874B5F00B108D2 /* StarWarsTests.swift */ = {isa = PBXFileReference; lastKnownFileType = sourcecode.swift; path = StarWarsTests.swift; sourceTree = "<group>"; };
		7DFDB2E321874B5F00B108D2 /* Info.plist */ = {isa = PBXFileReference; lastKnownFileType = text.plist.xml; path = Info.plist; sourceTree = "<group>"; };
		7DFDB2E821874B5F00B108D2 /* StarWarsUITests.xctest */ = {isa = PBXFileReference; explicitFileType = wrapper.cfbundle; includeInIndex = 0; path = StarWarsUITests.xctest; sourceTree = BUILT_PRODUCTS_DIR; };
		7DFDB2EC21874B5F00B108D2 /* StarWarsUITests.swift */ = {isa = PBXFileReference; lastKnownFileType = sourcecode.swift; path = StarWarsUITests.swift; sourceTree = "<group>"; };
		7DFDB2EE21874B5F00B108D2 /* Info.plist */ = {isa = PBXFileReference; lastKnownFileType = text.plist.xml; path = Info.plist; sourceTree = "<group>"; };
		7DFDB2FA21874E4000B108D2 /* MainViewTableViewController.swift */ = {isa = PBXFileReference; lastKnownFileType = sourcecode.swift; path = MainViewTableViewController.swift; sourceTree = "<group>"; };
		7DFDB303218898EB00B108D2 /* CharacterDetailViewController.swift */ = {isa = PBXFileReference; lastKnownFileType = sourcecode.swift; path = CharacterDetailViewController.swift; sourceTree = "<group>"; };
/* End PBXFileReference section */

/* Begin PBXFrameworksBuildPhase section */
		7DFDB2C621874B5D00B108D2 /* Frameworks */ = {
			isa = PBXFrameworksBuildPhase;
			buildActionMask = 2147483647;
			files = (
			);
			runOnlyForDeploymentPostprocessing = 0;
		};
		7DFDB2DA21874B5F00B108D2 /* Frameworks */ = {
			isa = PBXFrameworksBuildPhase;
			buildActionMask = 2147483647;
			files = (
			);
			runOnlyForDeploymentPostprocessing = 0;
		};
		7DFDB2E521874B5F00B108D2 /* Frameworks */ = {
			isa = PBXFrameworksBuildPhase;
			buildActionMask = 2147483647;
			files = (
			);
			runOnlyForDeploymentPostprocessing = 0;
		};
/* End PBXFrameworksBuildPhase section */

/* Begin PBXGroup section */
		7DFDB2C021874B5D00B108D2 = {
			isa = PBXGroup;
			children = (
				7DFDB302218898BD00B108D2 /* Views */,
				7DFDB3012188989700B108D2 /* Controllers */,
				7DFDB2FC2187824F00B108D2 /* Models */,
				7DFDB2CB21874B5D00B108D2 /* StarWars */,
				7DFDB2E021874B5F00B108D2 /* StarWarsTests */,
				7DFDB2EB21874B5F00B108D2 /* StarWarsUITests */,
				7DFDB2CA21874B5D00B108D2 /* Products */,
			);
			sourceTree = "<group>";
		};
		7DFDB2CA21874B5D00B108D2 /* Products */ = {
			isa = PBXGroup;
			children = (
				7DFDB2C921874B5D00B108D2 /* StarWars.app */,
				7DFDB2DD21874B5F00B108D2 /* StarWarsTests.xctest */,
				7DFDB2E821874B5F00B108D2 /* StarWarsUITests.xctest */,
			);
			name = Products;
			sourceTree = "<group>";
		};
		7DFDB2CB21874B5D00B108D2 /* StarWars */ = {
			isa = PBXGroup;
			children = (
				7DFDB2CC21874B5D00B108D2 /* AppDelegate.swift */,
				7DFDB2D321874B5F00B108D2 /* Assets.xcassets */,
				7DFDB2D521874B5F00B108D2 /* LaunchScreen.storyboard */,
				7DFDB2D821874B5F00B108D2 /* Info.plist */,
			);
			path = StarWars;
			sourceTree = "<group>";
		};
		7DFDB2E021874B5F00B108D2 /* StarWarsTests */ = {
			isa = PBXGroup;
			children = (
				7DFDB2E121874B5F00B108D2 /* StarWarsTests.swift */,
				7DFDB2E321874B5F00B108D2 /* Info.plist */,
			);
			path = StarWarsTests;
			sourceTree = "<group>";
		};
		7DFDB2EB21874B5F00B108D2 /* StarWarsUITests */ = {
			isa = PBXGroup;
			children = (
				7DFDB2EC21874B5F00B108D2 /* StarWarsUITests.swift */,
				7DFDB2EE21874B5F00B108D2 /* Info.plist */,
			);
			path = StarWarsUITests;
			sourceTree = "<group>";
		};
		7DFDB2FC2187824F00B108D2 /* Models */ = {
			isa = PBXGroup;
			children = (
				7DD646B82188DC270021E886 /* Person.swift */,
				7DB4676A21ADDFE4003BDA18 /* Homeworld.swift */,
				7DB467A621AF19AF003BDA18 /* Species.swift */,
				7DA12F6F21B6DF6B00B3D23C /* Starship.swift */,
				7DA12F7321B72B0F00B3D23C /* Film.swift */,
			);
			path = Models;
			sourceTree = "<group>";
		};
		7DFDB3012188989700B108D2 /* Controllers */ = {
			isa = PBXGroup;
			children = (
				7DFDB2FA21874E4000B108D2 /* MainViewTableViewController.swift */,
				7DFDB303218898EB00B108D2 /* CharacterDetailViewController.swift */,
			);
			path = Controllers;
			sourceTree = "<group>";
		};
		7DFDB302218898BD00B108D2 /* Views */ = {
			isa = PBXGroup;
			children = (
				7DFDB2D021874B5D00B108D2 /* Main.storyboard */,
			);
			path = Views;
			sourceTree = "<group>";
		};
/* End PBXGroup section */

/* Begin PBXNativeTarget section */
		7DFDB2C821874B5D00B108D2 /* StarWars */ = {
			isa = PBXNativeTarget;
			buildConfigurationList = 7DFDB2F121874B5F00B108D2 /* Build configuration list for PBXNativeTarget "StarWars" */;
			buildPhases = (
				7DFDB2C521874B5D00B108D2 /* Sources */,
				7DFDB2C621874B5D00B108D2 /* Frameworks */,
				7DFDB2C721874B5D00B108D2 /* Resources */,
			);
			buildRules = (
			);
			dependencies = (
			);
			name = StarWars;
			productName = StarWars;
			productReference = 7DFDB2C921874B5D00B108D2 /* StarWars.app */;
			productType = "com.apple.product-type.application";
		};
		7DFDB2DC21874B5F00B108D2 /* StarWarsTests */ = {
			isa = PBXNativeTarget;
			buildConfigurationList = 7DFDB2F421874B5F00B108D2 /* Build configuration list for PBXNativeTarget "StarWarsTests" */;
			buildPhases = (
				7DFDB2D921874B5F00B108D2 /* Sources */,
				7DFDB2DA21874B5F00B108D2 /* Frameworks */,
				7DFDB2DB21874B5F00B108D2 /* Resources */,
			);
			buildRules = (
			);
			dependencies = (
				7DFDB2DF21874B5F00B108D2 /* PBXTargetDependency */,
			);
			name = StarWarsTests;
			productName = StarWarsTests;
			productReference = 7DFDB2DD21874B5F00B108D2 /* StarWarsTests.xctest */;
			productType = "com.apple.product-type.bundle.unit-test";
		};
		7DFDB2E721874B5F00B108D2 /* StarWarsUITests */ = {
			isa = PBXNativeTarget;
			buildConfigurationList = 7DFDB2F721874B5F00B108D2 /* Build configuration list for PBXNativeTarget "StarWarsUITests" */;
			buildPhases = (
				7DFDB2E421874B5F00B108D2 /* Sources */,
				7DFDB2E521874B5F00B108D2 /* Frameworks */,
				7DFDB2E621874B5F00B108D2 /* Resources */,
			);
			buildRules = (
			);
			dependencies = (
				7DFDB2EA21874B5F00B108D2 /* PBXTargetDependency */,
			);
			name = StarWarsUITests;
			productName = StarWarsUITests;
			productReference = 7DFDB2E821874B5F00B108D2 /* StarWarsUITests.xctest */;
			productType = "com.apple.product-type.bundle.ui-testing";
		};
/* End PBXNativeTarget section */

/* Begin PBXProject section */
		7DFDB2C121874B5D00B108D2 /* Project object */ = {
			isa = PBXProject;
			attributes = {
				LastSwiftUpdateCheck = 1000;
				LastUpgradeCheck = 1000;
				ORGANIZATIONNAME = "Mitchell Socia";
				TargetAttributes = {
					7DFDB2C821874B5D00B108D2 = {
						CreatedOnToolsVersion = 10.0;
					};
					7DFDB2DC21874B5F00B108D2 = {
						CreatedOnToolsVersion = 10.0;
						TestTargetID = 7DFDB2C821874B5D00B108D2;
					};
					7DFDB2E721874B5F00B108D2 = {
						CreatedOnToolsVersion = 10.0;
						TestTargetID = 7DFDB2C821874B5D00B108D2;
					};
				};
			};
			buildConfigurationList = 7DFDB2C421874B5D00B108D2 /* Build configuration list for PBXProject "StarWars" */;
			compatibilityVersion = "Xcode 9.3";
			developmentRegion = en;
			hasScannedForEncodings = 0;
			knownRegions = (
				en,
				Base,
			);
			mainGroup = 7DFDB2C021874B5D00B108D2;
			productRefGroup = 7DFDB2CA21874B5D00B108D2 /* Products */;
			projectDirPath = "";
			projectRoot = "";
			targets = (
				7DFDB2C821874B5D00B108D2 /* StarWars */,
				7DFDB2DC21874B5F00B108D2 /* StarWarsTests */,
				7DFDB2E721874B5F00B108D2 /* StarWarsUITests */,
			);
		};
/* End PBXProject section */

/* Begin PBXResourcesBuildPhase section */
		7DFDB2C721874B5D00B108D2 /* Resources */ = {
			isa = PBXResourcesBuildPhase;
			buildActionMask = 2147483647;
			files = (
				7DFDB2D721874B5F00B108D2 /* LaunchScreen.storyboard in Resources */,
				7DFDB2D421874B5F00B108D2 /* Assets.xcassets in Resources */,
				7DFDB2D221874B5D00B108D2 /* Main.storyboard in Resources */,
			);
			runOnlyForDeploymentPostprocessing = 0;
		};
		7DFDB2DB21874B5F00B108D2 /* Resources */ = {
			isa = PBXResourcesBuildPhase;
			buildActionMask = 2147483647;
			files = (
			);
			runOnlyForDeploymentPostprocessing = 0;
		};
		7DFDB2E621874B5F00B108D2 /* Resources */ = {
			isa = PBXResourcesBuildPhase;
			buildActionMask = 2147483647;
			files = (
			);
			runOnlyForDeploymentPostprocessing = 0;
		};
/* End PBXResourcesBuildPhase section */

/* Begin PBXSourcesBuildPhase section */
		7DFDB2C521874B5D00B108D2 /* Sources */ = {
			isa = PBXSourcesBuildPhase;
			buildActionMask = 2147483647;
			files = (
				7DD646B92188DC270021E886 /* Person.swift in Sources */,
				7DA12F7421B72B0F00B3D23C /* Film.swift in Sources */,
				7DFDB304218898EB00B108D2 /* CharacterDetailViewController.swift in Sources */,
				7DFDB2CD21874B5D00B108D2 /* AppDelegate.swift in Sources */,
				7DFDB2FB21874E4000B108D2 /* MainViewTableViewController.swift in Sources */,
				7DB467A721AF19AF003BDA18 /* Species.swift in Sources */,
				7DB4676B21ADDFE4003BDA18 /* Homeworld.swift in Sources */,
				7DA12F7021B6DF6B00B3D23C /* Starship.swift in Sources */,
			);
			runOnlyForDeploymentPostprocessing = 0;
		};
		7DFDB2D921874B5F00B108D2 /* Sources */ = {
			isa = PBXSourcesBuildPhase;
			buildActionMask = 2147483647;
			files = (
				7DFDB2E221874B5F00B108D2 /* StarWarsTests.swift in Sources */,
			);
			runOnlyForDeploymentPostprocessing = 0;
		};
		7DFDB2E421874B5F00B108D2 /* Sources */ = {
			isa = PBXSourcesBuildPhase;
			buildActionMask = 2147483647;
			files = (
				7DFDB2ED21874B5F00B108D2 /* StarWarsUITests.swift in Sources */,
			);
			runOnlyForDeploymentPostprocessing = 0;
		};
/* End PBXSourcesBuildPhase section */

/* Begin PBXTargetDependency section */
		7DFDB2DF21874B5F00B108D2 /* PBXTargetDependency */ = {
			isa = PBXTargetDependency;
			target = 7DFDB2C821874B5D00B108D2 /* StarWars */;
			targetProxy = 7DFDB2DE21874B5F00B108D2 /* PBXContainerItemProxy */;
		};
		7DFDB2EA21874B5F00B108D2 /* PBXTargetDependency */ = {
			isa = PBXTargetDependency;
			target = 7DFDB2C821874B5D00B108D2 /* StarWars */;
			targetProxy = 7DFDB2E921874B5F00B108D2 /* PBXContainerItemProxy */;
		};
/* End PBXTargetDependency section */

/* Begin PBXVariantGroup section */
		7DFDB2D021874B5D00B108D2 /* Main.storyboard */ = {
			isa = PBXVariantGroup;
			children = (
				7DFDB2D121874B5D00B108D2 /* Base */,
			);
			name = Main.storyboard;
			sourceTree = "<group>";
		};
		7DFDB2D521874B5F00B108D2 /* LaunchScreen.storyboard */ = {
			isa = PBXVariantGroup;
			children = (
				7DFDB2D621874B5F00B108D2 /* Base */,
			);
			name = LaunchScreen.storyboard;
			sourceTree = "<group>";
		};
/* End PBXVariantGroup section */

/* Begin XCBuildConfiguration section */
		7DFDB2EF21874B5F00B108D2 /* Debug */ = {
			isa = XCBuildConfiguration;
			buildSettings = {
				ALWAYS_SEARCH_USER_PATHS = NO;
				CLANG_ANALYZER_NONNULL = YES;
				CLANG_ANALYZER_NUMBER_OBJECT_CONVERSION = YES_AGGRESSIVE;
				CLANG_CXX_LANGUAGE_STANDARD = "gnu++14";
				CLANG_CXX_LIBRARY = "libc++";
				CLANG_ENABLE_MODULES = YES;
				CLANG_ENABLE_OBJC_ARC = YES;
				CLANG_ENABLE_OBJC_WEAK = YES;
				CLANG_WARN_BLOCK_CAPTURE_AUTORELEASING = YES;
				CLANG_WARN_BOOL_CONVERSION = YES;
				CLANG_WARN_COMMA = YES;
				CLANG_WARN_CONSTANT_CONVERSION = YES;
				CLANG_WARN_DEPRECATED_OBJC_IMPLEMENTATIONS = YES;
				CLANG_WARN_DIRECT_OBJC_ISA_USAGE = YES_ERROR;
				CLANG_WARN_DOCUMENTATION_COMMENTS = YES;
				CLANG_WARN_EMPTY_BODY = YES;
				CLANG_WARN_ENUM_CONVERSION = YES;
				CLANG_WARN_INFINITE_RECURSION = YES;
				CLANG_WARN_INT_CONVERSION = YES;
				CLANG_WARN_NON_LITERAL_NULL_CONVERSION = YES;
				CLANG_WARN_OBJC_IMPLICIT_RETAIN_SELF = YES;
				CLANG_WARN_OBJC_LITERAL_CONVERSION = YES;
				CLANG_WARN_OBJC_ROOT_CLASS = YES_ERROR;
				CLANG_WARN_RANGE_LOOP_ANALYSIS = YES;
				CLANG_WARN_STRICT_PROTOTYPES = YES;
				CLANG_WARN_SUSPICIOUS_MOVE = YES;
				CLANG_WARN_UNGUARDED_AVAILABILITY = YES_AGGRESSIVE;
				CLANG_WARN_UNREACHABLE_CODE = YES;
				CLANG_WARN__DUPLICATE_METHOD_MATCH = YES;
				CODE_SIGN_IDENTITY = "iPhone Developer";
				COPY_PHASE_STRIP = NO;
				DEBUG_INFORMATION_FORMAT = dwarf;
				ENABLE_STRICT_OBJC_MSGSEND = YES;
				ENABLE_TESTABILITY = YES;
				GCC_C_LANGUAGE_STANDARD = gnu11;
				GCC_DYNAMIC_NO_PIC = NO;
				GCC_NO_COMMON_BLOCKS = YES;
				GCC_OPTIMIZATION_LEVEL = 0;
				GCC_PREPROCESSOR_DEFINITIONS = (
					"DEBUG=1",
					"$(inherited)",
				);
				GCC_WARN_64_TO_32_BIT_CONVERSION = YES;
				GCC_WARN_ABOUT_RETURN_TYPE = YES_ERROR;
				GCC_WARN_UNDECLARED_SELECTOR = YES;
				GCC_WARN_UNINITIALIZED_AUTOS = YES_AGGRESSIVE;
				GCC_WARN_UNUSED_FUNCTION = YES;
				GCC_WARN_UNUSED_VARIABLE = YES;
				IPHONEOS_DEPLOYMENT_TARGET = 12.0;
				MTL_ENABLE_DEBUG_INFO = INCLUDE_SOURCE;
				MTL_FAST_MATH = YES;
				ONLY_ACTIVE_ARCH = YES;
				SDKROOT = iphoneos;
				SWIFT_ACTIVE_COMPILATION_CONDITIONS = DEBUG;
				SWIFT_OPTIMIZATION_LEVEL = "-Onone";
			};
			name = Debug;
		};
		7DFDB2F021874B5F00B108D2 /* Release */ = {
			isa = XCBuildConfiguration;
			buildSettings = {
				ALWAYS_SEARCH_USER_PATHS = NO;
				CLANG_ANALYZER_NONNULL = YES;
				CLANG_ANALYZER_NUMBER_OBJECT_CONVERSION = YES_AGGRESSIVE;
				CLANG_CXX_LANGUAGE_STANDARD = "gnu++14";
				CLANG_CXX_LIBRARY = "libc++";
				CLANG_ENABLE_MODULES = YES;
				CLANG_ENABLE_OBJC_ARC = YES;
				CLANG_ENABLE_OBJC_WEAK = YES;
				CLANG_WARN_BLOCK_CAPTURE_AUTORELEASING = YES;
				CLANG_WARN_BOOL_CONVERSION = YES;
				CLANG_WARN_COMMA = YES;
				CLANG_WARN_CONSTANT_CONVERSION = YES;
				CLANG_WARN_DEPRECATED_OBJC_IMPLEMENTATIONS = YES;
				CLANG_WARN_DIRECT_OBJC_ISA_USAGE = YES_ERROR;
				CLANG_WARN_DOCUMENTATION_COMMENTS = YES;
				CLANG_WARN_EMPTY_BODY = YES;
				CLANG_WARN_ENUM_CONVERSION = YES;
				CLANG_WARN_INFINITE_RECURSION = YES;
				CLANG_WARN_INT_CONVERSION = YES;
				CLANG_WARN_NON_LITERAL_NULL_CONVERSION = YES;
				CLANG_WARN_OBJC_IMPLICIT_RETAIN_SELF = YES;
				CLANG_WARN_OBJC_LITERAL_CONVERSION = YES;
				CLANG_WARN_OBJC_ROOT_CLASS = YES_ERROR;
				CLANG_WARN_RANGE_LOOP_ANALYSIS = YES;
				CLANG_WARN_STRICT_PROTOTYPES = YES;
				CLANG_WARN_SUSPICIOUS_MOVE = YES;
				CLANG_WARN_UNGUARDED_AVAILABILITY = YES_AGGRESSIVE;
				CLANG_WARN_UNREACHABLE_CODE = YES;
				CLANG_WARN__DUPLICATE_METHOD_MATCH = YES;
				CODE_SIGN_IDENTITY = "iPhone Developer";
				COPY_PHASE_STRIP = NO;
				DEBUG_INFORMATION_FORMAT = "dwarf-with-dsym";
				ENABLE_NS_ASSERTIONS = NO;
				ENABLE_STRICT_OBJC_MSGSEND = YES;
				GCC_C_LANGUAGE_STANDARD = gnu11;
				GCC_NO_COMMON_BLOCKS = YES;
				GCC_WARN_64_TO_32_BIT_CONVERSION = YES;
				GCC_WARN_ABOUT_RETURN_TYPE = YES_ERROR;
				GCC_WARN_UNDECLARED_SELECTOR = YES;
				GCC_WARN_UNINITIALIZED_AUTOS = YES_AGGRESSIVE;
				GCC_WARN_UNUSED_FUNCTION = YES;
				GCC_WARN_UNUSED_VARIABLE = YES;
				IPHONEOS_DEPLOYMENT_TARGET = 12.0;
				MTL_ENABLE_DEBUG_INFO = NO;
				MTL_FAST_MATH = YES;
				SDKROOT = iphoneos;
				SWIFT_COMPILATION_MODE = wholemodule;
				SWIFT_OPTIMIZATION_LEVEL = "-O";
				VALIDATE_PRODUCT = YES;
			};
			name = Release;
		};
		7DFDB2F221874B5F00B108D2 /* Debug */ = {
			isa = XCBuildConfiguration;
			buildSettings = {
				ASSETCATALOG_COMPILER_APPICON_NAME = AppIcon;
				CODE_SIGN_STYLE = Automatic;
				INFOPLIST_FILE = StarWars/Info.plist;
				LD_RUNPATH_SEARCH_PATHS = (
					"$(inherited)",
					"@executable_path/Frameworks",
				);
				PRODUCT_BUNDLE_IDENTIFIER = com.detroitlabs.StarWars;
				PRODUCT_NAME = "$(TARGET_NAME)";
				SWIFT_VERSION = 4.2;
				TARGETED_DEVICE_FAMILY = "1,2";
			};
			name = Debug;
		};
		7DFDB2F321874B5F00B108D2 /* Release */ = {
			isa = XCBuildConfiguration;
			buildSettings = {
				ASSETCATALOG_COMPILER_APPICON_NAME = AppIcon;
				CODE_SIGN_STYLE = Automatic;
				INFOPLIST_FILE = StarWars/Info.plist;
				LD_RUNPATH_SEARCH_PATHS = (
					"$(inherited)",
					"@executable_path/Frameworks",
				);
				PRODUCT_BUNDLE_IDENTIFIER = com.detroitlabs.StarWars;
				PRODUCT_NAME = "$(TARGET_NAME)";
				SWIFT_VERSION = 4.2;
				TARGETED_DEVICE_FAMILY = "1,2";
			};
			name = Release;
		};
		7DFDB2F521874B5F00B108D2 /* Debug */ = {
			isa = XCBuildConfiguration;
			buildSettings = {
				ALWAYS_EMBED_SWIFT_STANDARD_LIBRARIES = YES;
				BUNDLE_LOADER = "$(TEST_HOST)";
				CODE_SIGN_STYLE = Automatic;
				INFOPLIST_FILE = StarWarsTests/Info.plist;
				LD_RUNPATH_SEARCH_PATHS = (
					"$(inherited)",
					"@executable_path/Frameworks",
					"@loader_path/Frameworks",
				);
				PRODUCT_BUNDLE_IDENTIFIER = com.detroitlabs.StarWarsTests;
				PRODUCT_NAME = "$(TARGET_NAME)";
				SWIFT_VERSION = 4.2;
				TARGETED_DEVICE_FAMILY = "1,2";
				TEST_HOST = "$(BUILT_PRODUCTS_DIR)/StarWars.app/StarWars";
			};
			name = Debug;
		};
		7DFDB2F621874B5F00B108D2 /* Release */ = {
			isa = XCBuildConfiguration;
			buildSettings = {
				ALWAYS_EMBED_SWIFT_STANDARD_LIBRARIES = YES;
				BUNDLE_LOADER = "$(TEST_HOST)";
				CODE_SIGN_STYLE = Automatic;
				INFOPLIST_FILE = StarWarsTests/Info.plist;
				LD_RUNPATH_SEARCH_PATHS = (
					"$(inherited)",
					"@executable_path/Frameworks",
					"@loader_path/Frameworks",
				);
				PRODUCT_BUNDLE_IDENTIFIER = com.detroitlabs.StarWarsTests;
				PRODUCT_NAME = "$(TARGET_NAME)";
				SWIFT_VERSION = 4.2;
				TARGETED_DEVICE_FAMILY = "1,2";
				TEST_HOST = "$(BUILT_PRODUCTS_DIR)/StarWars.app/StarWars";
			};
			name = Release;
		};
		7DFDB2F821874B5F00B108D2 /* Debug */ = {
			isa = XCBuildConfiguration;
			buildSettings = {
				ALWAYS_EMBED_SWIFT_STANDARD_LIBRARIES = YES;
				CODE_SIGN_STYLE = Automatic;
				INFOPLIST_FILE = StarWarsUITests/Info.plist;
				LD_RUNPATH_SEARCH_PATHS = (
					"$(inherited)",
					"@executable_path/Frameworks",
					"@loader_path/Frameworks",
				);
				PRODUCT_BUNDLE_IDENTIFIER = com.detroitlabs.StarWarsUITests;
				PRODUCT_NAME = "$(TARGET_NAME)";
				SWIFT_VERSION = 4.2;
				TARGETED_DEVICE_FAMILY = "1,2";
				TEST_TARGET_NAME = StarWars;
			};
			name = Debug;
		};
		7DFDB2F921874B5F00B108D2 /* Release */ = {
			isa = XCBuildConfiguration;
			buildSettings = {
				ALWAYS_EMBED_SWIFT_STANDARD_LIBRARIES = YES;
				CODE_SIGN_STYLE = Automatic;
				INFOPLIST_FILE = StarWarsUITests/Info.plist;
				LD_RUNPATH_SEARCH_PATHS = (
					"$(inherited)",
					"@executable_path/Frameworks",
					"@loader_path/Frameworks",
				);
				PRODUCT_BUNDLE_IDENTIFIER = com.detroitlabs.StarWarsUITests;
				PRODUCT_NAME = "$(TARGET_NAME)";
				SWIFT_VERSION = 4.2;
				TARGETED_DEVICE_FAMILY = "1,2";
				TEST_TARGET_NAME = StarWars;
			};
			name = Release;
		};
/* End XCBuildConfiguration section */

/* Begin XCConfigurationList section */
		7DFDB2C421874B5D00B108D2 /* Build configuration list for PBXProject "StarWars" */ = {
			isa = XCConfigurationList;
			buildConfigurations = (
				7DFDB2EF21874B5F00B108D2 /* Debug */,
				7DFDB2F021874B5F00B108D2 /* Release */,
			);
			defaultConfigurationIsVisible = 0;
			defaultConfigurationName = Release;
		};
		7DFDB2F121874B5F00B108D2 /* Build configuration list for PBXNativeTarget "StarWars" */ = {
			isa = XCConfigurationList;
			buildConfigurations = (
				7DFDB2F221874B5F00B108D2 /* Debug */,
				7DFDB2F321874B5F00B108D2 /* Release */,
			);
			defaultConfigurationIsVisible = 0;
			defaultConfigurationName = Release;
		};
		7DFDB2F421874B5F00B108D2 /* Build configuration list for PBXNativeTarget "StarWarsTests" */ = {
			isa = XCConfigurationList;
			buildConfigurations = (
				7DFDB2F521874B5F00B108D2 /* Debug */,
				7DFDB2F621874B5F00B108D2 /* Release */,
			);
			defaultConfigurationIsVisible = 0;
			defaultConfigurationName = Release;
		};
		7DFDB2F721874B5F00B108D2 /* Build configuration list for PBXNativeTarget "StarWarsUITests" */ = {
			isa = XCConfigurationList;
			buildConfigurations = (
				7DFDB2F821874B5F00B108D2 /* Debug */,
				7DFDB2F921874B5F00B108D2 /* Release */,
			);
			defaultConfigurationIsVisible = 0;
			defaultConfigurationName = Release;
		};
/* End XCConfigurationList section */
	};
	rootObject = 7DFDB2C121874B5D00B108D2 /* Project object */;
}
